Microsoft Visual Studio Solution File, Format Version 12.00
# Visual Studio Version 17
VisualStudioVersion = 17.5.2.0
MinimumVisualStudioVersion = 10.0.40219.1
Project("{FAE04EC0-301F-11D3-BF4B-00C04F79EFBC}") = "ReactorTwinAPI", "ReactorTwinAPI.csproj", "{17D964AE-A13D-BCC7-0734-D7A02FC381D6}"
EndProject
Global
	GlobalSection(SolutionConfigurationPlatforms) = preSolution
		Debug|Any CPU = Debug|Any CPU
		Release|Any CPU = Release|Any CPU
	EndGlobalSection
	GlobalSection(ProjectConfigurationPlatforms) = postSolution
		{17D964AE-A13D-BCC7-0734-D7A02FC381D6}.Debug|Any CPU.ActiveCfg = Debug|Any CPU
		{17D964AE-A13D-BCC7-0734-D7A02FC381D6}.Debug|Any CPU.Build.0 = Debug|Any CPU
		{17D964AE-A13D-BCC7-0734-D7A02FC381D6}.Release|Any CPU.ActiveCfg = Release|Any CPU
		{17D964AE-A13D-BCC7-0734-D7A02FC381D6}.Release|Any CPU.Build.0 = Release|Any CPU
	EndGlobalSection
	GlobalSection(SolutionProperties) = preSolution
		HideSolutionNode = FALSE
	EndGlobalSection
	GlobalSection(ExtensibilityGlobals) = postSolution
		SolutionGuid = {1CF5DFBF-654D-47FB-8846-346DBFC238EF}
	EndGlobalSection
EndGlobal
